
Microsoft Visual Studio Solution File, Format Version 12.00
# Visual Studio Version 17
VisualStudioVersion = 17.10.35013.160
MinimumVisualStudioVersion = 10.0.40219.1
Project("{2150E333-8FDC-42A3-9474-1A3956D46DE8}") = "解决方案项", "解决方案项", "{6C78A2EB-D01E-4634-BBA7-85F12BF86232}"
	ProjectSection(SolutionItems) = preProject
		.gitignore = .gitignore
		README.md = README.md
		README_EN.md = README_EN.md
	EndProjectSection
EndProject
Project("{9A19103F-16F7-4668-BE54-9A1E7A4F7556}") = "Chats.BE", "src\BE\Chats.BE.csproj", "{FB97A747-DBE5-4D4B-8046-D534BD00A172}"
EndProject
Project("{9A19103F-16F7-4668-BE54-9A1E7A4F7556}") = "Chats.BE.Tests", "src\BE.Tests\Chats.BE.Tests.csproj", "{B785B397-23AB-4782-807B-C5D5001C1ECC}"
EndProject
Project("{2150E333-8FDC-42A3-9474-1A3956D46DE8}") = "github-actions", "github-actions", "{29CC0F58-0B4E-4F4F-A084-7C461F7A4E60}"
	ProjectSection(SolutionItems) = preProject
		.github\workflows\build-container.yml = .github\workflows\build-container.yml
	EndProjectSection
EndProject
Project("{FAE04EC0-301F-11D3-BF4B-00C04F79EFBC}") = "scripts", "src\scripts\scripts.csproj", "{1AE54C98-13A3-408B-B428-1FD975C02AF2}"
EndProject
Global
	GlobalSection(SolutionConfigurationPlatforms) = preSolution
		Debug|Any CPU = Debug|Any CPU
		Release|Any CPU = Release|Any CPU
	EndGlobalSection
	GlobalSection(ProjectConfigurationPlatforms) = postSolution
		{FB97A747-DBE5-4D4B-8046-D534BD00A172}.Debug|Any CPU.ActiveCfg = Debug|Any CPU
		{FB97A747-DBE5-4D4B-8046-D534BD00A172}.Debug|Any CPU.Build.0 = Debug|Any CPU
		{FB97A747-DBE5-4D4B-8046-D534BD00A172}.Release|Any CPU.ActiveCfg = Release|Any CPU
		{FB97A747-DBE5-4D4B-8046-D534BD00A172}.Release|Any CPU.Build.0 = Release|Any CPU
		{B785B397-23AB-4782-807B-C5D5001C1ECC}.Debug|Any CPU.ActiveCfg = Debug|Any CPU
		{B785B397-23AB-4782-807B-C5D5001C1ECC}.Debug|Any CPU.Build.0 = Debug|Any CPU
		{B785B397-23AB-4782-807B-C5D5001C1ECC}.Release|Any CPU.ActiveCfg = Release|Any CPU
		{B785B397-23AB-4782-807B-C5D5001C1ECC}.Release|Any CPU.Build.0 = Release|Any CPU
		{1AE54C98-13A3-408B-B428-1FD975C02AF2}.Debug|Any CPU.ActiveCfg = Debug|Any CPU
		{1AE54C98-13A3-408B-B428-1FD975C02AF2}.Debug|Any CPU.Build.0 = Debug|Any CPU
		{1AE54C98-13A3-408B-B428-1FD975C02AF2}.Release|Any CPU.ActiveCfg = Release|Any CPU
		{1AE54C98-13A3-408B-B428-1FD975C02AF2}.Release|Any CPU.Build.0 = Release|Any CPU
	EndGlobalSection
	GlobalSection(SolutionProperties) = preSolution
		HideSolutionNode = FALSE
	EndGlobalSection
	GlobalSection(NestedProjects) = preSolution
		{29CC0F58-0B4E-4F4F-A084-7C461F7A4E60} = {6C78A2EB-D01E-4634-BBA7-85F12BF86232}
	EndGlobalSection
	GlobalSection(ExtensibilityGlobals) = postSolution
		SolutionGuid = {95C9C38D-AE58-4010-8FEF-0134C15F36B6}
	EndGlobalSection
EndGlobal
